
Microsoft Visual Studio Solution File, Format Version 12.00
# Visual Studio 15
VisualStudioVersion = 15.0.28010.2019
MinimumVisualStudioVersion = 10.0.40219.1
Project("{FAE04EC0-301F-11D3-BF4B-00C04F79EFBC}") = "WCFX.Server", "WCFX.Server\WCFX.Server.csproj", "{8570C440-4359-4CE2-8EA5-852C3C90F6E9}"
EndProject
Project("{FAE04EC0-301F-11D3-BF4B-00C04F79EFBC}") = "WCFX.Common", "WCFX.Common\WCFX.Common.csproj", "{7DC4B984-7CBC-4B21-A546-8730EE203DBC}"
EndProject
Project("{FAE04EC0-301F-11D3-BF4B-00C04F79EFBC}") = "WCFX.DesktopClient", "WCFX.DesktopClient\WCFX.DesktopClient.csproj", "{9B24F77D-7022-4B69-884E-AB879DDAE8BF}"
EndProject
Global
	GlobalSection(SolutionConfigurationPlatforms) = preSolution
		Debug|Any CPU = Debug|Any CPU
		Release|Any CPU = Release|Any CPU
	EndGlobalSection
	GlobalSection(ProjectConfigurationPlatforms) = postSolution
		{8570C440-4359-4CE2-8EA5-852C3C90F6E9}.Debug|Any CPU.ActiveCfg = Debug|Any CPU
		{8570C440-4359-4CE2-8EA5-852C3C90F6E9}.Debug|Any CPU.Build.0 = Debug|Any CPU
		{8570C440-4359-4CE2-8EA5-852C3C90F6E9}.Release|Any CPU.ActiveCfg = Release|Any CPU
		{8570C440-4359-4CE2-8EA5-852C3C90F6E9}.Release|Any CPU.Build.0 = Release|Any CPU
		{7DC4B984-7CBC-4B21-A546-8730EE203DBC}.Debug|Any CPU.ActiveCfg = Debug|Any CPU
		{7DC4B984-7CBC-4B21-A546-8730EE203DBC}.Debug|Any CPU.Build.0 = Debug|Any CPU
		{7DC4B984-7CBC-4B21-A546-8730EE203DBC}.Release|Any CPU.ActiveCfg = Release|Any CPU
		{7DC4B984-7CBC-4B21-A546-8730EE203DBC}.Release|Any CPU.Build.0 = Release|Any CPU
		{9B24F77D-7022-4B69-884E-AB879DDAE8BF}.Debug|Any CPU.ActiveCfg = Debug|Any CPU
		{9B24F77D-7022-4B69-884E-AB879DDAE8BF}.Debug|Any CPU.Build.0 = Debug|Any CPU
		{9B24F77D-7022-4B69-884E-AB879DDAE8BF}.Release|Any CPU.ActiveCfg = Release|Any CPU
		{9B24F77D-7022-4B69-884E-AB879DDAE8BF}.Release|Any CPU.Build.0 = Release|Any CPU
	EndGlobalSection
	GlobalSection(SolutionProperties) = preSolution
		HideSolutionNode = FALSE
	EndGlobalSection
	GlobalSection(ExtensibilityGlobals) = postSolution
		SolutionGuid = {4112EF86-5136-47FE-B800-C9BD58513D31}
	EndGlobalSection
EndGlobal
