
Microsoft Visual Studio Solution File, Format Version 12.00
# Visual Studio 15
VisualStudioVersion = 15.0.26430.6
MinimumVisualStudioVersion = 10.0.40219.1
Project("{FAE04EC0-301F-11D3-BF4B-00C04F79EFBC}") = "Frontend", "Frontend\Frontend.csproj", "{8E304DC6-E4A7-4B5F-8928-0A1CB1D6C7F0}"
EndProject
Project("{FAE04EC0-301F-11D3-BF4B-00C04F79EFBC}") = "Backend", "Backend\Backend.csproj", "{12C6F05D-DE9B-4828-94E1-BF527F58CD2B}"
EndProject
Project("{FAE04EC0-301F-11D3-BF4B-00C04F79EFBC}") = "BackendBridge", "BackendBridge\BackendBridge.csproj", "{E2530AE3-CD63-4CA3-B080-DD51AABD84F4}"
EndProject
Global
	GlobalSection(SolutionConfigurationPlatforms) = preSolution
		Debug|Any CPU = Debug|Any CPU
		Release|Any CPU = Release|Any CPU
	EndGlobalSection
	GlobalSection(ProjectConfigurationPlatforms) = postSolution
		{8E304DC6-E4A7-4B5F-8928-0A1CB1D6C7F0}.Debug|Any CPU.ActiveCfg = Debug|Any CPU
		{8E304DC6-E4A7-4B5F-8928-0A1CB1D6C7F0}.Debug|Any CPU.Build.0 = Debug|Any CPU
		{8E304DC6-E4A7-4B5F-8928-0A1CB1D6C7F0}.Release|Any CPU.ActiveCfg = Release|Any CPU
		{8E304DC6-E4A7-4B5F-8928-0A1CB1D6C7F0}.Release|Any CPU.Build.0 = Release|Any CPU
		{12C6F05D-DE9B-4828-94E1-BF527F58CD2B}.Debug|Any CPU.ActiveCfg = Debug|Any CPU
		{12C6F05D-DE9B-4828-94E1-BF527F58CD2B}.Debug|Any CPU.Build.0 = Debug|Any CPU
		{12C6F05D-DE9B-4828-94E1-BF527F58CD2B}.Release|Any CPU.ActiveCfg = Release|Any CPU
		{12C6F05D-DE9B-4828-94E1-BF527F58CD2B}.Release|Any CPU.Build.0 = Release|Any CPU
		{E2530AE3-CD63-4CA3-B080-DD51AABD84F4}.Debug|Any CPU.ActiveCfg = Debug|Any CPU
		{E2530AE3-CD63-4CA3-B080-DD51AABD84F4}.Debug|Any CPU.Build.0 = Debug|Any CPU
		{E2530AE3-CD63-4CA3-B080-DD51AABD84F4}.Release|Any CPU.ActiveCfg = Release|Any CPU
		{E2530AE3-CD63-4CA3-B080-DD51AABD84F4}.Release|Any CPU.Build.0 = Release|Any CPU
	EndGlobalSection
	GlobalSection(SolutionProperties) = preSolution
		HideSolutionNode = FALSE
	EndGlobalSection
EndGlobal
